
Microsoft Visual Studio Solution File, Format Version 12.00
# Visual Studio Version 17
VisualStudioVersion = 17.4.33205.214
MinimumVisualStudioVersion = 10.0.40219.1
Project("{FAE04EC0-301F-11D3-BF4B-00C04F79EFBC}") = "WindowsFormsApp8.1", "WindowsFormsApp8.1\WindowsFormsApp8.1.csproj", "{E5F71737-17F6-454E-8349-70508503806D}"
EndProject
Global
	GlobalSection(SolutionConfigurationPlatforms) = preSolution
		Debug|Any CPU = Debug|Any CPU
		Release|Any CPU = Release|Any CPU
	EndGlobalSection
	GlobalSection(ProjectConfigurationPlatforms) = postSolution
		{E5F71737-17F6-454E-8349-70508503806D}.Debug|Any CPU.ActiveCfg = Debug|Any CPU
		{E5F71737-17F6-454E-8349-70508503806D}.Debug|Any CPU.Build.0 = Debug|Any CPU
		{E5F71737-17F6-454E-8349-70508503806D}.Release|Any CPU.ActiveCfg = Release|Any CPU
		{E5F71737-17F6-454E-8349-70508503806D}.Release|Any CPU.Build.0 = Release|Any CPU
	EndGlobalSection
	GlobalSection(SolutionProperties) = preSolution
		HideSolutionNode = FALSE
	EndGlobalSection
	GlobalSection(ExtensibilityGlobals) = postSolution
		SolutionGuid = {1D39B251-7688-4450-B3BD-A56F85A62BFC}
	EndGlobalSection
EndGlobal
